{
  "object": {
    "pins": [
      {
        "package": "CocoaAsyncSocket",
        "repositoryURL": "https://github.com/Chief-Securities-Limited/CocoaAsyncSocket.git",
        "state": {
          "branch": null,
          "revision": "0cf7f247f8a5aef88da91c461612167d7382f47d",
          "version": "7.6.5"
        }
      }
    ]
  },
  "version": 1
}
